
Microsoft Visual Studio Solution File, Format Version 12.00
# Visual Studio 15
VisualStudioVersion = 15.0.27004.2009
MinimumVisualStudioVersion = 10.0.40219.1
Project("{9A19103F-16F7-4668-BE54-9A1E7A4F7556}") = "ICanPay", "ICanPay\ICanPay.csproj", "{921784F2-7604-487B-A739-A59ECE81350E}"
EndProject
Project("{9A19103F-16F7-4668-BE54-9A1E7A4F7556}") = "AopSdk", "AopSdk\AopSdk.csproj", "{A394305E-B62F-485E-918E-BF27C57B728A}"
EndProject
Project("{9A19103F-16F7-4668-BE54-9A1E7A4F7556}") = "AcpSdk", "AcpSdk\AcpSdk.csproj", "{4A4E4AE4-3639-412A-8A87-D1E8C76D5740}"
EndProject
Project("{FAE04EC0-301F-11D3-BF4B-00C04F79EFBC}") = "Demo", "Demo\Demo.csproj", "{04521755-EC3E-40C0-B7FE-F12B4FDCD78B}"
EndProject
Project("{FAE04EC0-301F-11D3-BF4B-00C04F79EFBC}") = "Demo.Core", "Demo.Core\Demo.Core.csproj", "{DFAB3A22-A620-44E0-AE3F-DFA41AF47A94}"
EndProject
Global
	GlobalSection(SolutionConfigurationPlatforms) = preSolution
		Debug|Any CPU = Debug|Any CPU
		Release|Any CPU = Release|Any CPU
	EndGlobalSection
	GlobalSection(ProjectConfigurationPlatforms) = postSolution
		{921784F2-7604-487B-A739-A59ECE81350E}.Debug|Any CPU.ActiveCfg = Debug|Any CPU
		{921784F2-7604-487B-A739-A59ECE81350E}.Debug|Any CPU.Build.0 = Debug|Any CPU
		{921784F2-7604-487B-A739-A59ECE81350E}.Release|Any CPU.ActiveCfg = Release|Any CPU
		{921784F2-7604-487B-A739-A59ECE81350E}.Release|Any CPU.Build.0 = Release|Any CPU
		{A394305E-B62F-485E-918E-BF27C57B728A}.Debug|Any CPU.ActiveCfg = Debug|Any CPU
		{A394305E-B62F-485E-918E-BF27C57B728A}.Debug|Any CPU.Build.0 = Debug|Any CPU
		{A394305E-B62F-485E-918E-BF27C57B728A}.Release|Any CPU.ActiveCfg = Release|Any CPU
		{A394305E-B62F-485E-918E-BF27C57B728A}.Release|Any CPU.Build.0 = Release|Any CPU
		{4A4E4AE4-3639-412A-8A87-D1E8C76D5740}.Debug|Any CPU.ActiveCfg = Debug|Any CPU
		{4A4E4AE4-3639-412A-8A87-D1E8C76D5740}.Debug|Any CPU.Build.0 = Debug|Any CPU
		{4A4E4AE4-3639-412A-8A87-D1E8C76D5740}.Release|Any CPU.ActiveCfg = Release|Any CPU
		{4A4E4AE4-3639-412A-8A87-D1E8C76D5740}.Release|Any CPU.Build.0 = Release|Any CPU
		{04521755-EC3E-40C0-B7FE-F12B4FDCD78B}.Debug|Any CPU.ActiveCfg = Debug|Any CPU
		{04521755-EC3E-40C0-B7FE-F12B4FDCD78B}.Debug|Any CPU.Build.0 = Debug|Any CPU
		{04521755-EC3E-40C0-B7FE-F12B4FDCD78B}.Release|Any CPU.ActiveCfg = Release|Any CPU
		{04521755-EC3E-40C0-B7FE-F12B4FDCD78B}.Release|Any CPU.Build.0 = Release|Any CPU
		{DFAB3A22-A620-44E0-AE3F-DFA41AF47A94}.Debug|Any CPU.ActiveCfg = Debug|Any CPU
		{DFAB3A22-A620-44E0-AE3F-DFA41AF47A94}.Debug|Any CPU.Build.0 = Debug|Any CPU
		{DFAB3A22-A620-44E0-AE3F-DFA41AF47A94}.Release|Any CPU.ActiveCfg = Release|Any CPU
		{DFAB3A22-A620-44E0-AE3F-DFA41AF47A94}.Release|Any CPU.Build.0 = Release|Any CPU
	EndGlobalSection
	GlobalSection(SolutionProperties) = preSolution
		HideSolutionNode = FALSE
	EndGlobalSection
	GlobalSection(ExtensibilityGlobals) = postSolution
		SolutionGuid = {CAF301FB-51DF-48D8-907C-3A021C466261}
	EndGlobalSection
EndGlobal
